
Microsoft Visual Studio Solution File, Format Version 12.00
# Visual Studio Version 17
VisualStudioVersion = 17.4.33213.308
MinimumVisualStudioVersion = 10.0.40219.1
Project("{FAE04EC0-301F-11D3-BF4B-00C04F79EFBC}") = "T03", "T03.csproj", "{155E5E15-9E7E-4AF6-96DF-E72E9D5D6230}"
EndProject
Global
	GlobalSection(SolutionConfigurationPlatforms) = preSolution
		Debug|Any CPU = Debug|Any CPU
		Release|Any CPU = Release|Any CPU
	EndGlobalSection
	GlobalSection(ProjectConfigurationPlatforms) = postSolution
		{155E5E15-9E7E-4AF6-96DF-E72E9D5D6230}.Debug|Any CPU.ActiveCfg = Debug|Any CPU
		{155E5E15-9E7E-4AF6-96DF-E72E9D5D6230}.Debug|Any CPU.Build.0 = Debug|Any CPU
		{155E5E15-9E7E-4AF6-96DF-E72E9D5D6230}.Release|Any CPU.ActiveCfg = Release|Any CPU
		{155E5E15-9E7E-4AF6-96DF-E72E9D5D6230}.Release|Any CPU.Build.0 = Release|Any CPU
	EndGlobalSection
	GlobalSection(SolutionProperties) = preSolution
		HideSolutionNode = FALSE
	EndGlobalSection
	GlobalSection(ExtensibilityGlobals) = postSolution
		SolutionGuid = {A19F7845-E29D-4D33-AEEB-3B0DBEC11C51}
	EndGlobalSection
EndGlobal
