
Microsoft Visual Studio Solution File, Format Version 12.00
# Visual Studio Version 17
VisualStudioVersion = 17.4.33213.308
MinimumVisualStudioVersion = 10.0.40219.1
Project("{FAE04EC0-301F-11D3-BF4B-00C04F79EFBC}") = "T13", "T13.csproj", "{31ED5CE0-9A3E-46BC-B9D2-02FB2605FF61}"
EndProject
Global
	GlobalSection(SolutionConfigurationPlatforms) = preSolution
		Debug|Any CPU = Debug|Any CPU
		Release|Any CPU = Release|Any CPU
	EndGlobalSection
	GlobalSection(ProjectConfigurationPlatforms) = postSolution
		{31ED5CE0-9A3E-46BC-B9D2-02FB2605FF61}.Debug|Any CPU.ActiveCfg = Debug|Any CPU
		{31ED5CE0-9A3E-46BC-B9D2-02FB2605FF61}.Debug|Any CPU.Build.0 = Debug|Any CPU
		{31ED5CE0-9A3E-46BC-B9D2-02FB2605FF61}.Release|Any CPU.ActiveCfg = Release|Any CPU
		{31ED5CE0-9A3E-46BC-B9D2-02FB2605FF61}.Release|Any CPU.Build.0 = Release|Any CPU
	EndGlobalSection
	GlobalSection(SolutionProperties) = preSolution
		HideSolutionNode = FALSE
	EndGlobalSection
	GlobalSection(ExtensibilityGlobals) = postSolution
		SolutionGuid = {8A151287-73E6-4D5A-A995-B8553EE1A7C2}
	EndGlobalSection
EndGlobal
