
Microsoft Visual Studio Solution File, Format Version 12.00
# Visual Studio Version 17
VisualStudioVersion = 17.4.33213.308
MinimumVisualStudioVersion = 10.0.40219.1
Project("{FAE04EC0-301F-11D3-BF4B-00C04F79EFBC}") = "T21", "T21.csproj", "{FBBAD599-7FAE-4066-B6D5-BE5A87D200F8}"
EndProject
Global
	GlobalSection(SolutionConfigurationPlatforms) = preSolution
		Debug|Any CPU = Debug|Any CPU
		Release|Any CPU = Release|Any CPU
	EndGlobalSection
	GlobalSection(ProjectConfigurationPlatforms) = postSolution
		{FBBAD599-7FAE-4066-B6D5-BE5A87D200F8}.Debug|Any CPU.ActiveCfg = Debug|Any CPU
		{FBBAD599-7FAE-4066-B6D5-BE5A87D200F8}.Debug|Any CPU.Build.0 = Debug|Any CPU
		{FBBAD599-7FAE-4066-B6D5-BE5A87D200F8}.Release|Any CPU.ActiveCfg = Release|Any CPU
		{FBBAD599-7FAE-4066-B6D5-BE5A87D200F8}.Release|Any CPU.Build.0 = Release|Any CPU
	EndGlobalSection
	GlobalSection(SolutionProperties) = preSolution
		HideSolutionNode = FALSE
	EndGlobalSection
	GlobalSection(ExtensibilityGlobals) = postSolution
		SolutionGuid = {B8FB199D-CC85-4F55-9F6C-FC6A29089355}
	EndGlobalSection
EndGlobal
