
Microsoft Visual Studio Solution File, Format Version 12.00
# Visual Studio Version 17
VisualStudioVersion = 17.4.33213.308
MinimumVisualStudioVersion = 10.0.40219.1
Project("{FAE04EC0-301F-11D3-BF4B-00C04F79EFBC}") = "T15", "T15.csproj", "{1611F8B6-DFEA-46F0-90E9-806703DF5A27}"
EndProject
Global
	GlobalSection(SolutionConfigurationPlatforms) = preSolution
		Debug|Any CPU = Debug|Any CPU
		Release|Any CPU = Release|Any CPU
	EndGlobalSection
	GlobalSection(ProjectConfigurationPlatforms) = postSolution
		{1611F8B6-DFEA-46F0-90E9-806703DF5A27}.Debug|Any CPU.ActiveCfg = Debug|Any CPU
		{1611F8B6-DFEA-46F0-90E9-806703DF5A27}.Debug|Any CPU.Build.0 = Debug|Any CPU
		{1611F8B6-DFEA-46F0-90E9-806703DF5A27}.Release|Any CPU.ActiveCfg = Release|Any CPU
		{1611F8B6-DFEA-46F0-90E9-806703DF5A27}.Release|Any CPU.Build.0 = Release|Any CPU
	EndGlobalSection
	GlobalSection(SolutionProperties) = preSolution
		HideSolutionNode = FALSE
	EndGlobalSection
	GlobalSection(ExtensibilityGlobals) = postSolution
		SolutionGuid = {824FCB44-70E1-4FE1-BF25-B73E2195E40F}
	EndGlobalSection
EndGlobal
