
Microsoft Visual Studio Solution File, Format Version 12.00
# Visual Studio Version 17
VisualStudioVersion = 17.4.33213.308
MinimumVisualStudioVersion = 10.0.40219.1
Project("{FAE04EC0-301F-11D3-BF4B-00C04F79EFBC}") = "T20", "T20.csproj", "{17D122F2-46D4-44A9-BD0F-BE27BEB39EC0}"
EndProject
Global
	GlobalSection(SolutionConfigurationPlatforms) = preSolution
		Debug|Any CPU = Debug|Any CPU
		Release|Any CPU = Release|Any CPU
	EndGlobalSection
	GlobalSection(ProjectConfigurationPlatforms) = postSolution
		{17D122F2-46D4-44A9-BD0F-BE27BEB39EC0}.Debug|Any CPU.ActiveCfg = Debug|Any CPU
		{17D122F2-46D4-44A9-BD0F-BE27BEB39EC0}.Debug|Any CPU.Build.0 = Debug|Any CPU
		{17D122F2-46D4-44A9-BD0F-BE27BEB39EC0}.Release|Any CPU.ActiveCfg = Release|Any CPU
		{17D122F2-46D4-44A9-BD0F-BE27BEB39EC0}.Release|Any CPU.Build.0 = Release|Any CPU
	EndGlobalSection
	GlobalSection(SolutionProperties) = preSolution
		HideSolutionNode = FALSE
	EndGlobalSection
	GlobalSection(ExtensibilityGlobals) = postSolution
		SolutionGuid = {6780EDAA-9CF0-447D-AC3C-E4767DF2AA18}
	EndGlobalSection
EndGlobal
