
Microsoft Visual Studio Solution File, Format Version 12.00
# Visual Studio Version 17
VisualStudioVersion = 17.4.33213.308
MinimumVisualStudioVersion = 10.0.40219.1
Project("{FAE04EC0-301F-11D3-BF4B-00C04F79EFBC}") = "T07", "T07.csproj", "{B21CFC8F-E837-495F-A462-F278DA0F716D}"
EndProject
Global
	GlobalSection(SolutionConfigurationPlatforms) = preSolution
		Debug|Any CPU = Debug|Any CPU
		Release|Any CPU = Release|Any CPU
	EndGlobalSection
	GlobalSection(ProjectConfigurationPlatforms) = postSolution
		{B21CFC8F-E837-495F-A462-F278DA0F716D}.Debug|Any CPU.ActiveCfg = Debug|Any CPU
		{B21CFC8F-E837-495F-A462-F278DA0F716D}.Debug|Any CPU.Build.0 = Debug|Any CPU
		{B21CFC8F-E837-495F-A462-F278DA0F716D}.Release|Any CPU.ActiveCfg = Release|Any CPU
		{B21CFC8F-E837-495F-A462-F278DA0F716D}.Release|Any CPU.Build.0 = Release|Any CPU
	EndGlobalSection
	GlobalSection(SolutionProperties) = preSolution
		HideSolutionNode = FALSE
	EndGlobalSection
	GlobalSection(ExtensibilityGlobals) = postSolution
		SolutionGuid = {2E3D5AB8-FF8A-47D8-9902-26EA3FBB141C}
	EndGlobalSection
EndGlobal
