
Microsoft Visual Studio Solution File, Format Version 12.00
# Visual Studio Version 17
VisualStudioVersion = 17.4.33213.308
MinimumVisualStudioVersion = 10.0.40219.1
Project("{FAE04EC0-301F-11D3-BF4B-00C04F79EFBC}") = "T14", "T14.csproj", "{4033E27F-2199-4D23-B608-5DD230EE6768}"
EndProject
Global
	GlobalSection(SolutionConfigurationPlatforms) = preSolution
		Debug|Any CPU = Debug|Any CPU
		Release|Any CPU = Release|Any CPU
	EndGlobalSection
	GlobalSection(ProjectConfigurationPlatforms) = postSolution
		{4033E27F-2199-4D23-B608-5DD230EE6768}.Debug|Any CPU.ActiveCfg = Debug|Any CPU
		{4033E27F-2199-4D23-B608-5DD230EE6768}.Debug|Any CPU.Build.0 = Debug|Any CPU
		{4033E27F-2199-4D23-B608-5DD230EE6768}.Release|Any CPU.ActiveCfg = Release|Any CPU
		{4033E27F-2199-4D23-B608-5DD230EE6768}.Release|Any CPU.Build.0 = Release|Any CPU
	EndGlobalSection
	GlobalSection(SolutionProperties) = preSolution
		HideSolutionNode = FALSE
	EndGlobalSection
	GlobalSection(ExtensibilityGlobals) = postSolution
		SolutionGuid = {19BAA138-07E7-4946-863D-C1E72C44FC5F}
	EndGlobalSection
EndGlobal
